// !$*UTF8*$!
{
	archiveVersion = 1;
	classes = {
	};
	objectVersion = 55;
	objects = {

/* Begin PBXBuildFile section */
		155F38E528E7A145002F7F67 /* UIView+Ext.swift in Sources */ = {isa = PBXBuildFile; fileRef = 155F38E428E7A145002F7F67 /* UIView+Ext.swift */; };
		157F19F928D50F4E002FA1A1 /* PersistenceManager.swift in Sources */ = {isa = PBXBuildFile; fileRef = 157F19F828D50F4E002FA1A1 /* PersistenceManager.swift */; };
		157F19FB28DA8DC6002FA1A1 /* FavoriteCell.swift in Sources */ = {isa = PBXBuildFile; fileRef = 157F19FA28DA8DC6002FA1A1 /* FavoriteCell.swift */; };
		157F19FD28DB8530002FA1A1 /* GFTabBarController.swift in Sources */ = {isa = PBXBuildFile; fileRef = 157F19FC28DB8530002FA1A1 /* GFTabBarController.swift */; };
		157F1A0028E5DFEC002FA1A1 /* GFAlertConatinerView.swift in Sources */ = {isa = PBXBuildFile; fileRef = 157F19FF28E5DFEC002FA1A1 /* GFAlertConatinerView.swift */; };
		157F1A0228E60A28002FA1A1 /* GFDataLoadingVC.swift in Sources */ = {isa = PBXBuildFile; fileRef = 157F1A0128E60A28002FA1A1 /* GFDataLoadingVC.swift */; };
		15916ABC284D482C00DFC22F /* UserInfoVC.swift in Sources */ = {isa = PBXBuildFile; fileRef = 15916ABB284D482C00DFC22F /* UserInfoVC.swift */; };
		15916ABE284D523000DFC22F /* GFUserInfoHeaderInfoVC.swift in Sources */ = {isa = PBXBuildFile; fileRef = 15916ABD284D523000DFC22F /* GFUserInfoHeaderInfoVC.swift */; };
		15916AC0284D528800DFC22F /* GFSecondaryTitleLabel.swift in Sources */ = {isa = PBXBuildFile; fileRef = 15916ABF284D528800DFC22F /* GFSecondaryTitleLabel.swift */; };
		15916AC2284D59D400DFC22F /* Constants.swift in Sources */ = {isa = PBXBuildFile; fileRef = 15916AC1284D59D300DFC22F /* Constants.swift */; };
		15DDAAF8285AA176003D066E /* GFItemInfoView.swift in Sources */ = {isa = PBXBuildFile; fileRef = 15DDAAF7285AA176003D066E /* GFItemInfoView.swift */; };
		15DDAAFA285AA49F003D066E /* GFItemInfoVC.swift in Sources */ = {isa = PBXBuildFile; fileRef = 15DDAAF9285AA49F003D066E /* GFItemInfoVC.swift */; };
		15DDAAFC285AA6C7003D066E /* GFRepoItemVC.swift in Sources */ = {isa = PBXBuildFile; fileRef = 15DDAAFB285AA6C7003D066E /* GFRepoItemVC.swift */; };
		15DDAAFE285AA89C003D066E /* GFFollowerItemVC.swift in Sources */ = {isa = PBXBuildFile; fileRef = 15DDAAFD285AA89C003D066E /* GFFollowerItemVC.swift */; };
		15DDAB01285AAB3E003D066E /* Date+Ext.swift in Sources */ = {isa = PBXBuildFile; fileRef = 15DDAB00285AAB3E003D066E /* Date+Ext.swift */; };
		15DDAB03285AAB55003D066E /* String+Ext.swift in Sources */ = {isa = PBXBuildFile; fileRef = 15DDAB02285AAB55003D066E /* String+Ext.swift */; };
		15DE64F5284400E0008B9A91 /* UIHelper.swift in Sources */ = {isa = PBXBuildFile; fileRef = 15DE64F4284400E0008B9A91 /* UIHelper.swift */; };
		15DE64FD284441DB008B9A91 /* GFEmptyStateView.swift in Sources */ = {isa = PBXBuildFile; fileRef = 15DE64FC284441DB008B9A91 /* GFEmptyStateView.swift */; };
		9C35867127C5B6180034F7C7 /* GFButton.swift in Sources */ = {isa = PBXBuildFile; fileRef = 9C35867027C5B6180034F7C7 /* GFButton.swift */; };
		9C35867327C5B7FA0034F7C7 /* GFTextField.swift in Sources */ = {isa = PBXBuildFile; fileRef = 9C35867227C5B7FA0034F7C7 /* GFTextField.swift */; };
		9C35867527C5BF9E0034F7C7 /* FollowerListVC.swift in Sources */ = {isa = PBXBuildFile; fileRef = 9C35867427C5BF9E0034F7C7 /* FollowerListVC.swift */; };
		9C7567B427C4719E00A4B976 /* AppDelegate.swift in Sources */ = {isa = PBXBuildFile; fileRef = 9C7567B327C4719E00A4B976 /* AppDelegate.swift */; };
		9C7567B627C4719E00A4B976 /* SceneDelegate.swift in Sources */ = {isa = PBXBuildFile; fileRef = 9C7567B527C4719E00A4B976 /* SceneDelegate.swift */; };
		9C7567BD27C4719F00A4B976 /* Assets.xcassets in Resources */ = {isa = PBXBuildFile; fileRef = 9C7567BC27C4719F00A4B976 /* Assets.xcassets */; };
		9C7567C027C4719F00A4B976 /* LaunchScreen.storyboard in Resources */ = {isa = PBXBuildFile; fileRef = 9C7567BE27C4719F00A4B976 /* LaunchScreen.storyboard */; };
		9C7567C827C4771000A4B976 /* SearchVC.swift in Sources */ = {isa = PBXBuildFile; fileRef = 9C7567C727C4771000A4B976 /* SearchVC.swift */; };
		9C7567CA27C4778E00A4B976 /* FavoritesListVC.swift in Sources */ = {isa = PBXBuildFile; fileRef = 9C7567C927C4778E00A4B976 /* FavoritesListVC.swift */; };
		9CE426D427F0E3F000C8BBAE /* GFError.swift in Sources */ = {isa = PBXBuildFile; fileRef = 9CE426D327F0E3F000C8BBAE /* GFError.swift */; };
		9CE426D727F0E9A800C8BBAE /* FollowerCell.swift in Sources */ = {isa = PBXBuildFile; fileRef = 9CE426D627F0E9A800C8BBAE /* FollowerCell.swift */; };
		9CE426D927F0E9F300C8BBAE /* GFAvatarImageView.swift in Sources */ = {isa = PBXBuildFile; fileRef = 9CE426D827F0E9F300C8BBAE /* GFAvatarImageView.swift */; };
		9CE9EDE427DE7B5300610E4B /* GFTitleLabel.swift in Sources */ = {isa = PBXBuildFile; fileRef = 9CE9EDE327DE7B5300610E4B /* GFTitleLabel.swift */; };
		9CE9EDE627DE7C2500610E4B /* GFBodyLabel.swift in Sources */ = {isa = PBXBuildFile; fileRef = 9CE9EDE527DE7C2500610E4B /* GFBodyLabel.swift */; };
		9CE9EDE827DE7CA100610E4B /* GFAlertVC.swift in Sources */ = {isa = PBXBuildFile; fileRef = 9CE9EDE727DE7CA100610E4B /* GFAlertVC.swift */; };
		9CE9EDEA27DE808A00610E4B /* UIViewController+Ext.swift in Sources */ = {isa = PBXBuildFile; fileRef = 9CE9EDE927DE808A00610E4B /* UIViewController+Ext.swift */; };
		9CE9EDF127DE8E0B00610E4B /* Follower.swift in Sources */ = {isa = PBXBuildFile; fileRef = 9CE9EDF027DE8E0B00610E4B /* Follower.swift */; };
		9CE9EDF327DE8E8500610E4B /* User.swift in Sources */ = {isa = PBXBuildFile; fileRef = 9CE9EDF227DE8E8500610E4B /* User.swift */; };
		9CE9EDF627DE92E300610E4B /* NetworkManager.swift in Sources */ = {isa = PBXBuildFile; fileRef = 9CE9EDF527DE92E300610E4B /* NetworkManager.swift */; };
/* End PBXBuildFile section */

/* Begin PBXFileReference section */
		155F38E428E7A145002F7F67 /* UIView+Ext.swift */ = {isa = PBXFileReference; lastKnownFileType = sourcecode.swift; path = "UIView+Ext.swift"; sourceTree = "<group>"; };
		157F19F828D50F4E002FA1A1 /* PersistenceManager.swift */ = {isa = PBXFileReference; lastKnownFileType = sourcecode.swift; path = PersistenceManager.swift; sourceTree = "<group>"; };
		157F19FA28DA8DC6002FA1A1 /* FavoriteCell.swift */ = {isa = PBXFileReference; lastKnownFileType = sourcecode.swift; path = FavoriteCell.swift; sourceTree = "<group>"; };
		157F19FC28DB8530002FA1A1 /* GFTabBarController.swift */ = {isa = PBXFileReference; lastKnownFileType = sourcecode.swift; path = GFTabBarController.swift; sourceTree = "<group>"; };
		157F19FF28E5DFEC002FA1A1 /* GFAlertConatinerView.swift */ = {isa = PBXFileReference; lastKnownFileType = sourcecode.swift; path = GFAlertConatinerView.swift; sourceTree = "<group>"; };
		157F1A0128E60A28002FA1A1 /* GFDataLoadingVC.swift */ = {isa = PBXFileReference; lastKnownFileType = sourcecode.swift; path = GFDataLoadingVC.swift; sourceTree = "<group>"; };
		15916ABB284D482C00DFC22F /* UserInfoVC.swift */ = {isa = PBXFileReference; lastKnownFileType = sourcecode.swift; path = UserInfoVC.swift; sourceTree = "<group>"; };
		15916ABD284D523000DFC22F /* GFUserInfoHeaderInfoVC.swift */ = {isa = PBXFileReference; lastKnownFileType = sourcecode.swift; path = GFUserInfoHeaderInfoVC.swift; sourceTree = "<group>"; };
		15916ABF284D528800DFC22F /* GFSecondaryTitleLabel.swift */ = {isa = PBXFileReference; lastKnownFileType = sourcecode.swift; path = GFSecondaryTitleLabel.swift; sourceTree = "<group>"; };
		15916AC1284D59D300DFC22F /* Constants.swift */ = {isa = PBXFileReference; lastKnownFileType = sourcecode.swift; path = Constants.swift; sourceTree = "<group>"; };
		15DDAAF7285AA176003D066E /* GFItemInfoView.swift */ = {isa = PBXFileReference; lastKnownFileType = sourcecode.swift; path = GFItemInfoView.swift; sourceTree = "<group>"; };
		15DDAAF9285AA49F003D066E /* GFItemInfoVC.swift */ = {isa = PBXFileReference; lastKnownFileType = sourcecode.swift; path = GFItemInfoVC.swift; sourceTree = "<group>"; };
		15DDAAFB285AA6C7003D066E /* GFRepoItemVC.swift */ = {isa = PBXFileReference; lastKnownFileType = sourcecode.swift; path = GFRepoItemVC.swift; sourceTree = "<group>"; };
		15DDAAFD285AA89C003D066E /* GFFollowerItemVC.swift */ = {isa = PBXFileReference; lastKnownFileType = sourcecode.swift; path = GFFollowerItemVC.swift; sourceTree = "<group>"; };
		15DDAB00285AAB3E003D066E /* Date+Ext.swift */ = {isa = PBXFileReference; lastKnownFileType = sourcecode.swift; path = "Date+Ext.swift"; sourceTree = "<group>"; };
		15DDAB02285AAB55003D066E /* String+Ext.swift */ = {isa = PBXFileReference; lastKnownFileType = sourcecode.swift; path = "String+Ext.swift"; sourceTree = "<group>"; };
		15DE64F4284400E0008B9A91 /* UIHelper.swift */ = {isa = PBXFileReference; fileEncoding = 4; lastKnownFileType = sourcecode.swift; path = UIHelper.swift; sourceTree = "<group>"; };
		15DE64FC284441DB008B9A91 /* GFEmptyStateView.swift */ = {isa = PBXFileReference; lastKnownFileType = sourcecode.swift; path = GFEmptyStateView.swift; sourceTree = "<group>"; };
		9C35867027C5B6180034F7C7 /* GFButton.swift */ = {isa = PBXFileReference; lastKnownFileType = sourcecode.swift; path = GFButton.swift; sourceTree = "<group>"; };
		9C35867227C5B7FA0034F7C7 /* GFTextField.swift */ = {isa = PBXFileReference; lastKnownFileType = sourcecode.swift; path = GFTextField.swift; sourceTree = "<group>"; };
		9C35867427C5BF9E0034F7C7 /* FollowerListVC.swift */ = {isa = PBXFileReference; lastKnownFileType = sourcecode.swift; path = FollowerListVC.swift; sourceTree = "<group>"; };
		9C7567B027C4719E00A4B976 /* GHFollowers.app */ = {isa = PBXFileReference; explicitFileType = wrapper.application; includeInIndex = 0; path = GHFollowers.app; sourceTree = BUILT_PRODUCTS_DIR; };
		9C7567B327C4719E00A4B976 /* AppDelegate.swift */ = {isa = PBXFileReference; lastKnownFileType = sourcecode.swift; path = AppDelegate.swift; sourceTree = "<group>"; };
		9C7567B527C4719E00A4B976 /* SceneDelegate.swift */ = {isa = PBXFileReference; lastKnownFileType = sourcecode.swift; path = SceneDelegate.swift; sourceTree = "<group>"; };
		9C7567BC27C4719F00A4B976 /* Assets.xcassets */ = {isa = PBXFileReference; lastKnownFileType = folder.assetcatalog; path = Assets.xcassets; sourceTree = "<group>"; };
		9C7567BF27C4719F00A4B976 /* Base */ = {isa = PBXFileReference; lastKnownFileType = file.storyboard; name = Base; path = Base.lproj/LaunchScreen.storyboard; sourceTree = "<group>"; };
		9C7567C127C4719F00A4B976 /* Info.plist */ = {isa = PBXFileReference; lastKnownFileType = text.plist.xml; path = Info.plist; sourceTree = "<group>"; };
		9C7567C727C4771000A4B976 /* SearchVC.swift */ = {isa = PBXFileReference; lastKnownFileType = sourcecode.swift; path = SearchVC.swift; sourceTree = "<group>"; };
		9C7567C927C4778E00A4B976 /* FavoritesListVC.swift */ = {isa = PBXFileReference; lastKnownFileType = sourcecode.swift; path = FavoritesListVC.swift; sourceTree = "<group>"; };
		9CE426D327F0E3F000C8BBAE /* GFError.swift */ = {isa = PBXFileReference; lastKnownFileType = sourcecode.swift; path = GFError.swift; sourceTree = "<group>"; };
		9CE426D627F0E9A800C8BBAE /* FollowerCell.swift */ = {isa = PBXFileReference; lastKnownFileType = sourcecode.swift; path = FollowerCell.swift; sourceTree = "<group>"; };
		9CE426D827F0E9F300C8BBAE /* GFAvatarImageView.swift */ = {isa = PBXFileReference; lastKnownFileType = sourcecode.swift; path = GFAvatarImageView.swift; sourceTree = "<group>"; };
		9CE9EDE327DE7B5300610E4B /* GFTitleLabel.swift */ = {isa = PBXFileReference; lastKnownFileType = sourcecode.swift; path = GFTitleLabel.swift; sourceTree = "<group>"; };
		9CE9EDE527DE7C2500610E4B /* GFBodyLabel.swift */ = {isa = PBXFileReference; lastKnownFileType = sourcecode.swift; path = GFBodyLabel.swift; sourceTree = "<group>"; };
		9CE9EDE727DE7CA100610E4B /* GFAlertVC.swift */ = {isa = PBXFileReference; lastKnownFileType = sourcecode.swift; path = GFAlertVC.swift; sourceTree = "<group>"; };
		9CE9EDE927DE808A00610E4B /* UIViewController+Ext.swift */ = {isa = PBXFileReference; lastKnownFileType = sourcecode.swift; path = "UIViewController+Ext.swift"; sourceTree = "<group>"; };
		9CE9EDF027DE8E0B00610E4B /* Follower.swift */ = {isa = PBXFileReference; lastKnownFileType = sourcecode.swift; path = Follower.swift; sourceTree = "<group>"; };
		9CE9EDF227DE8E8500610E4B /* User.swift */ = {isa = PBXFileReference; lastKnownFileType = sourcecode.swift; path = User.swift; sourceTree = "<group>"; };
		9CE9EDF527DE92E300610E4B /* NetworkManager.swift */ = {isa = PBXFileReference; lastKnownFileType = sourcecode.swift; path = NetworkManager.swift; sourceTree = "<group>"; };
/* End PBXFileReference section */

/* Begin PBXFrameworksBuildPhase section */
		9C7567AD27C4719E00A4B976 /* Frameworks */ = {
			isa = PBXFrameworksBuildPhase;
			buildActionMask = 2147483647;
			files = (
			);
			runOnlyForDeploymentPostprocessing = 0;
		};
/* End PBXFrameworksBuildPhase section */

/* Begin PBXGroup section */
		157F19FE28DB854F002FA1A1 /* TabBarControllers */ = {
			isa = PBXGroup;
			children = (
				157F19FC28DB8530002FA1A1 /* GFTabBarController.swift */,
			);
			path = TabBarControllers;
			sourceTree = "<group>";
		};
		15DDAAFF285AA8FF003D066E /* ItemInfoVCs */ = {
			isa = PBXGroup;
			children = (
				15DDAAF9285AA49F003D066E /* GFItemInfoVC.swift */,
				15DDAAFB285AA6C7003D066E /* GFRepoItemVC.swift */,
				15DDAAFD285AA89C003D066E /* GFFollowerItemVC.swift */,
			);
			path = ItemInfoVCs;
			sourceTree = "<group>";
		};
		15DE64F628444148008B9A91 /* Views */ = {
			isa = PBXGroup;
			children = (
				15DE64FC284441DB008B9A91 /* GFEmptyStateView.swift */,
				15DDAAF7285AA176003D066E /* GFItemInfoView.swift */,
				157F19FF28E5DFEC002FA1A1 /* GFAlertConatinerView.swift */,
			);
			path = Views;
			sourceTree = "<group>";
		};
		15DE64F72844414E008B9A91 /* Buttons */ = {
			isa = PBXGroup;
			children = (
				9C35867027C5B6180034F7C7 /* GFButton.swift */,
			);
			path = Buttons;
			sourceTree = "<group>";
		};
		15DE64F828444155008B9A91 /* TextFields */ = {
			isa = PBXGroup;
			children = (
				9C35867227C5B7FA0034F7C7 /* GFTextField.swift */,
			);
			path = TextFields;
			sourceTree = "<group>";
		};
		15DE64F928444162008B9A91 /* ViewControllers */ = {
			isa = PBXGroup;
			children = (
				15DDAAFF285AA8FF003D066E /* ItemInfoVCs */,
				9CE9EDE727DE7CA100610E4B /* GFAlertVC.swift */,
				15916ABD284D523000DFC22F /* GFUserInfoHeaderInfoVC.swift */,
				157F1A0128E60A28002FA1A1 /* GFDataLoadingVC.swift */,
			);
			path = ViewControllers;
			sourceTree = "<group>";
		};
		15DE64FA28444169008B9A91 /* Labels */ = {
			isa = PBXGroup;
			children = (
				9CE9EDE327DE7B5300610E4B /* GFTitleLabel.swift */,
				9CE9EDE527DE7C2500610E4B /* GFBodyLabel.swift */,
				15916ABF284D528800DFC22F /* GFSecondaryTitleLabel.swift */,
			);
			path = Labels;
			sourceTree = "<group>";
		};
		15DE64FB284441A5008B9A91 /* ImageViews */ = {
			isa = PBXGroup;
			children = (
				9CE426D827F0E9F300C8BBAE /* GFAvatarImageView.swift */,
			);
			path = ImageViews;
			sourceTree = "<group>";
		};
		9C7567A727C4719E00A4B976 = {
			isa = PBXGroup;
			children = (
				9C7567B227C4719E00A4B976 /* GHFollowers */,
				9C7567B127C4719E00A4B976 /* Products */,
			);
			sourceTree = "<group>";
		};
		9C7567B127C4719E00A4B976 /* Products */ = {
			isa = PBXGroup;
			children = (
				9C7567B027C4719E00A4B976 /* GHFollowers.app */,
			);
			name = Products;
			sourceTree = "<group>";
		};
		9C7567B227C4719E00A4B976 /* GHFollowers */ = {
			isa = PBXGroup;
			children = (
				9CE426D227F0E3DC00C8BBAE /* Utilities */,
				9CE9EDF427DE92D200610E4B /* Managers */,
				9C7567C127C4719F00A4B976 /* Info.plist */,
				9CE9EDEF27DE8E0000610E4B /* Model */,
				9CE9EDEE27DE82A900610E4B /* Support */,
				9CE9EDED27DE827000610E4B /* Extensions */,
				9CE9EDEC27DE824400610E4B /* CustomViews */,
				9CE9EDEB27DE821100610E4B /* Screens */,
			);
			path = GHFollowers;
			sourceTree = "<group>";
		};
		9CE426D227F0E3DC00C8BBAE /* Utilities */ = {
			isa = PBXGroup;
			children = (
				15DE64F4284400E0008B9A91 /* UIHelper.swift */,
				9CE426D327F0E3F000C8BBAE /* GFError.swift */,
				15916AC1284D59D300DFC22F /* Constants.swift */,
			);
			path = Utilities;
			sourceTree = "<group>";
		};
		9CE426D527F0E98900C8BBAE /* Cells */ = {
			isa = PBXGroup;
			children = (
				9CE426D627F0E9A800C8BBAE /* FollowerCell.swift */,
				157F19FA28DA8DC6002FA1A1 /* FavoriteCell.swift */,
			);
			path = Cells;
			sourceTree = "<group>";
		};
		9CE9EDEB27DE821100610E4B /* Screens */ = {
			isa = PBXGroup;
			children = (
				9C7567C727C4771000A4B976 /* SearchVC.swift */,
				9C7567C927C4778E00A4B976 /* FavoritesListVC.swift */,
				9C35867427C5BF9E0034F7C7 /* FollowerListVC.swift */,
				15916ABB284D482C00DFC22F /* UserInfoVC.swift */,
			);
			path = Screens;
			sourceTree = "<group>";
		};
		9CE9EDEC27DE824400610E4B /* CustomViews */ = {
			isa = PBXGroup;
			children = (
				157F19FE28DB854F002FA1A1 /* TabBarControllers */,
				15DE64FB284441A5008B9A91 /* ImageViews */,
				15DE64FA28444169008B9A91 /* Labels */,
				15DE64F928444162008B9A91 /* ViewControllers */,
				15DE64F828444155008B9A91 /* TextFields */,
				15DE64F72844414E008B9A91 /* Buttons */,
				15DE64F628444148008B9A91 /* Views */,
				9CE426D527F0E98900C8BBAE /* Cells */,
			);
			path = CustomViews;
			sourceTree = "<group>";
		};
		9CE9EDED27DE827000610E4B /* Extensions */ = {
			isa = PBXGroup;
			children = (
				9CE9EDE927DE808A00610E4B /* UIViewController+Ext.swift */,
				15DDAB00285AAB3E003D066E /* Date+Ext.swift */,
				15DDAB02285AAB55003D066E /* String+Ext.swift */,
				155F38E428E7A145002F7F67 /* UIView+Ext.swift */,
			);
			path = Extensions;
			sourceTree = "<group>";
		};
		9CE9EDEE27DE82A900610E4B /* Support */ = {
			isa = PBXGroup;
			children = (
				9C7567B327C4719E00A4B976 /* AppDelegate.swift */,
				9C7567B527C4719E00A4B976 /* SceneDelegate.swift */,
				9C7567BC27C4719F00A4B976 /* Assets.xcassets */,
				9C7567BE27C4719F00A4B976 /* LaunchScreen.storyboard */,
			);
			path = Support;
			sourceTree = "<group>";
		};
		9CE9EDEF27DE8E0000610E4B /* Model */ = {
			isa = PBXGroup;
			children = (
				9CE9EDF027DE8E0B00610E4B /* Follower.swift */,
				9CE9EDF227DE8E8500610E4B /* User.swift */,
			);
			path = Model;
			sourceTree = "<group>";
		};
		9CE9EDF427DE92D200610E4B /* Managers */ = {
			isa = PBXGroup;
			children = (
				9CE9EDF527DE92E300610E4B /* NetworkManager.swift */,
				157F19F828D50F4E002FA1A1 /* PersistenceManager.swift */,
			);
			path = Managers;
			sourceTree = "<group>";
		};
/* End PBXGroup section */

/* Begin PBXNativeTarget section */
		9C7567AF27C4719E00A4B976 /* GHFollowers */ = {
			isa = PBXNativeTarget;
			buildConfigurationList = 9C7567C427C4719F00A4B976 /* Build configuration list for PBXNativeTarget "GHFollowers" */;
			buildPhases = (
				9C7567AC27C4719E00A4B976 /* Sources */,
				9C7567AD27C4719E00A4B976 /* Frameworks */,
				9C7567AE27C4719E00A4B976 /* Resources */,
			);
			buildRules = (
			);
			dependencies = (
			);
			name = GHFollowers;
			productName = GHFollowers;
			productReference = 9C7567B027C4719E00A4B976 /* GHFollowers.app */;
			productType = "com.apple.product-type.application";
		};
/* End PBXNativeTarget section */

/* Begin PBXProject section */
		9C7567A827C4719E00A4B976 /* Project object */ = {
			isa = PBXProject;
			attributes = {
				BuildIndependentTargetsInParallel = 1;
				LastSwiftUpdateCheck = 1320;
				LastUpgradeCheck = 1320;
				TargetAttributes = {
					9C7567AF27C4719E00A4B976 = {
						CreatedOnToolsVersion = 13.2.1;
					};
				};
			};
			buildConfigurationList = 9C7567AB27C4719E00A4B976 /* Build configuration list for PBXProject "GHFollowers" */;
			compatibilityVersion = "Xcode 13.0";
			developmentRegion = en;
			hasScannedForEncodings = 0;
			knownRegions = (
				en,
				Base,
			);
			mainGroup = 9C7567A727C4719E00A4B976;
			productRefGroup = 9C7567B127C4719E00A4B976 /* Products */;
			projectDirPath = "";
			projectRoot = "";
			targets = (
				9C7567AF27C4719E00A4B976 /* GHFollowers */,
			);
		};
/* End PBXProject section */

/* Begin PBXResourcesBuildPhase section */
		9C7567AE27C4719E00A4B976 /* Resources */ = {
			isa = PBXResourcesBuildPhase;
			buildActionMask = 2147483647;
			files = (
				9C7567C027C4719F00A4B976 /* LaunchScreen.storyboard in Resources */,
				9C7567BD27C4719F00A4B976 /* Assets.xcassets in Resources */,
			);
			runOnlyForDeploymentPostprocessing = 0;
		};
/* End PBXResourcesBuildPhase section */

/* Begin PBXSourcesBuildPhase section */
		9C7567AC27C4719E00A4B976 /* Sources */ = {
			isa = PBXSourcesBuildPhase;
			buildActionMask = 2147483647;
			files = (
				157F19FB28DA8DC6002FA1A1 /* FavoriteCell.swift in Sources */,
				9CE9EDF327DE8E8500610E4B /* User.swift in Sources */,
				9C35867327C5B7FA0034F7C7 /* GFTextField.swift in Sources */,
				9C7567CA27C4778E00A4B976 /* FavoritesListVC.swift in Sources */,
				15DDAB03285AAB55003D066E /* String+Ext.swift in Sources */,
				9C35867127C5B6180034F7C7 /* GFButton.swift in Sources */,
				157F1A0228E60A28002FA1A1 /* GFDataLoadingVC.swift in Sources */,
				15916AC0284D528800DFC22F /* GFSecondaryTitleLabel.swift in Sources */,
				9CE9EDEA27DE808A00610E4B /* UIViewController+Ext.swift in Sources */,
				15DDAAFA285AA49F003D066E /* GFItemInfoVC.swift in Sources */,
				15916AC2284D59D400DFC22F /* Constants.swift in Sources */,
				15DE64F5284400E0008B9A91 /* UIHelper.swift in Sources */,
				9CE426D927F0E9F300C8BBAE /* GFAvatarImageView.swift in Sources */,
				9C7567C827C4771000A4B976 /* SearchVC.swift in Sources */,
				15DDAAFE285AA89C003D066E /* GFFollowerItemVC.swift in Sources */,
				15DDAAF8285AA176003D066E /* GFItemInfoView.swift in Sources */,
				9CE9EDE827DE7CA100610E4B /* GFAlertVC.swift in Sources */,
				157F19FD28DB8530002FA1A1 /* GFTabBarController.swift in Sources */,
				9CE426D727F0E9A800C8BBAE /* FollowerCell.swift in Sources */,
				9CE426D427F0E3F000C8BBAE /* GFError.swift in Sources */,
				9CE9EDE627DE7C2500610E4B /* GFBodyLabel.swift in Sources */,
				9CE9EDF127DE8E0B00610E4B /* Follower.swift in Sources */,
				9CE9EDE427DE7B5300610E4B /* GFTitleLabel.swift in Sources */,
				15DDAB01285AAB3E003D066E /* Date+Ext.swift in Sources */,
				157F19F928D50F4E002FA1A1 /* PersistenceManager.swift in Sources */,
				157F1A0028E5DFEC002FA1A1 /* GFAlertConatinerView.swift in Sources */,
				15DE64FD284441DB008B9A91 /* GFEmptyStateView.swift in Sources */,
				9CE9EDF627DE92E300610E4B /* NetworkManager.swift in Sources */,
				9C35867527C5BF9E0034F7C7 /* FollowerListVC.swift in Sources */,
				9C7567B427C4719E00A4B976 /* AppDelegate.swift in Sources */,
				9C7567B627C4719E00A4B976 /* SceneDelegate.swift in Sources */,
				15916ABE284D523000DFC22F /* GFUserInfoHeaderInfoVC.swift in Sources */,
				155F38E528E7A145002F7F67 /* UIView+Ext.swift in Sources */,
				15DDAAFC285AA6C7003D066E /* GFRepoItemVC.swift in Sources */,
				15916ABC284D482C00DFC22F /* UserInfoVC.swift in Sources */,
			);
			runOnlyForDeploymentPostprocessing = 0;
		};
/* End PBXSourcesBuildPhase section */

/* Begin PBXVariantGroup section */
		9C7567BE27C4719F00A4B976 /* LaunchScreen.storyboard */ = {
			isa = PBXVariantGroup;
			children = (
				9C7567BF27C4719F00A4B976 /* Base */,
			);
			name = LaunchScreen.storyboard;
			sourceTree = "<group>";
		};
/* End PBXVariantGroup section */

/* Begin XCBuildConfiguration section */
		9C7567C227C4719F00A4B976 /* Debug */ = {
			isa = XCBuildConfiguration;
			buildSettings = {
				ALWAYS_SEARCH_USER_PATHS = NO;
				CLANG_ANALYZER_NONNULL = YES;
				CLANG_ANALYZER_NUMBER_OBJECT_CONVERSION = YES_AGGRESSIVE;
				CLANG_CXX_LANGUAGE_STANDARD = "gnu++17";
				CLANG_CXX_LIBRARY = "libc++";
				CLANG_ENABLE_MODULES = YES;
				CLANG_ENABLE_OBJC_ARC = YES;
				CLANG_ENABLE_OBJC_WEAK = YES;
				CLANG_WARN_BLOCK_CAPTURE_AUTORELEASING = YES;
				CLANG_WARN_BOOL_CONVERSION = YES;
				CLANG_WARN_COMMA = YES;
				CLANG_WARN_CONSTANT_CONVERSION = YES;
				CLANG_WARN_DEPRECATED_OBJC_IMPLEMENTATIONS = YES;
				CLANG_WARN_DIRECT_OBJC_ISA_USAGE = YES_ERROR;
				CLANG_WARN_DOCUMENTATION_COMMENTS = YES;
				CLANG_WARN_EMPTY_BODY = YES;
				CLANG_WARN_ENUM_CONVERSION = YES;
				CLANG_WARN_INFINITE_RECURSION = YES;
				CLANG_WARN_INT_CONVERSION = YES;
				CLANG_WARN_NON_LITERAL_NULL_CONVERSION = YES;
				CLANG_WARN_OBJC_IMPLICIT_RETAIN_SELF = YES;
				CLANG_WARN_OBJC_LITERAL_CONVERSION = YES;
				CLANG_WARN_OBJC_ROOT_CLASS = YES_ERROR;
				CLANG_WARN_QUOTED_INCLUDE_IN_FRAMEWORK_HEADER = YES;
				CLANG_WARN_RANGE_LOOP_ANALYSIS = YES;
				CLANG_WARN_STRICT_PROTOTYPES = YES;
				CLANG_WARN_SUSPICIOUS_MOVE = YES;
				CLANG_WARN_UNGUARDED_AVAILABILITY = YES_AGGRESSIVE;
				CLANG_WARN_UNREACHABLE_CODE = YES;
				CLANG_WARN__DUPLICATE_METHOD_MATCH = YES;
				COPY_PHASE_STRIP = NO;
				DEBUG_INFORMATION_FORMAT = dwarf;
				ENABLE_STRICT_OBJC_MSGSEND = YES;
				ENABLE_TESTABILITY = YES;
				GCC_C_LANGUAGE_STANDARD = gnu11;
				GCC_DYNAMIC_NO_PIC = NO;
				GCC_NO_COMMON_BLOCKS = YES;
				GCC_OPTIMIZATION_LEVEL = 0;
				GCC_PREPROCESSOR_DEFINITIONS = (
					"DEBUG=1",
					"$(inherited)",
				);
				GCC_WARN_64_TO_32_BIT_CONVERSION = YES;
				GCC_WARN_ABOUT_RETURN_TYPE = YES_ERROR;
				GCC_WARN_UNDECLARED_SELECTOR = YES;
				GCC_WARN_UNINITIALIZED_AUTOS = YES_AGGRESSIVE;
				GCC_WARN_UNUSED_FUNCTION = YES;
				GCC_WARN_UNUSED_VARIABLE = YES;
				IPHONEOS_DEPLOYMENT_TARGET = 15.2;
				MTL_ENABLE_DEBUG_INFO = INCLUDE_SOURCE;
				MTL_FAST_MATH = YES;
				ONLY_ACTIVE_ARCH = YES;
				SDKROOT = iphoneos;
				SWIFT_ACTIVE_COMPILATION_CONDITIONS = DEBUG;
				SWIFT_OPTIMIZATION_LEVEL = "-Onone";
			};
			name = Debug;
		};
		9C7567C327C4719F00A4B976 /* Release */ = {
			isa = XCBuildConfiguration;
			buildSettings = {
				ALWAYS_SEARCH_USER_PATHS = NO;
				CLANG_ANALYZER_NONNULL = YES;
				CLANG_ANALYZER_NUMBER_OBJECT_CONVERSION = YES_AGGRESSIVE;
				CLANG_CXX_LANGUAGE_STANDARD = "gnu++17";
				CLANG_CXX_LIBRARY = "libc++";
				CLANG_ENABLE_MODULES = YES;
				CLANG_ENABLE_OBJC_ARC = YES;
				CLANG_ENABLE_OBJC_WEAK = YES;
				CLANG_WARN_BLOCK_CAPTURE_AUTORELEASING = YES;
				CLANG_WARN_BOOL_CONVERSION = YES;
				CLANG_WARN_COMMA = YES;
				CLANG_WARN_CONSTANT_CONVERSION = YES;
				CLANG_WARN_DEPRECATED_OBJC_IMPLEMENTATIONS = YES;
				CLANG_WARN_DIRECT_OBJC_ISA_USAGE = YES_ERROR;
				CLANG_WARN_DOCUMENTATION_COMMENTS = YES;
				CLANG_WARN_EMPTY_BODY = YES;
				CLANG_WARN_ENUM_CONVERSION = YES;
				CLANG_WARN_INFINITE_RECURSION = YES;
				CLANG_WARN_INT_CONVERSION = YES;
				CLANG_WARN_NON_LITERAL_NULL_CONVERSION = YES;
				CLANG_WARN_OBJC_IMPLICIT_RETAIN_SELF = YES;
				CLANG_WARN_OBJC_LITERAL_CONVERSION = YES;
				CLANG_WARN_OBJC_ROOT_CLASS = YES_ERROR;
				CLANG_WARN_QUOTED_INCLUDE_IN_FRAMEWORK_HEADER = YES;
				CLANG_WARN_RANGE_LOOP_ANALYSIS = YES;
				CLANG_WARN_STRICT_PROTOTYPES = YES;
				CLANG_WARN_SUSPICIOUS_MOVE = YES;
				CLANG_WARN_UNGUARDED_AVAILABILITY = YES_AGGRESSIVE;
				CLANG_WARN_UNREACHABLE_CODE = YES;
				CLANG_WARN__DUPLICATE_METHOD_MATCH = YES;
				COPY_PHASE_STRIP = NO;
				DEBUG_INFORMATION_FORMAT = "dwarf-with-dsym";
				ENABLE_NS_ASSERTIONS = NO;
				ENABLE_STRICT_OBJC_MSGSEND = YES;
				GCC_C_LANGUAGE_STANDARD = gnu11;
				GCC_NO_COMMON_BLOCKS = YES;
				GCC_WARN_64_TO_32_BIT_CONVERSION = YES;
				GCC_WARN_ABOUT_RETURN_TYPE = YES_ERROR;
				GCC_WARN_UNDECLARED_SELECTOR = YES;
				GCC_WARN_UNINITIALIZED_AUTOS = YES_AGGRESSIVE;
				GCC_WARN_UNUSED_FUNCTION = YES;
				GCC_WARN_UNUSED_VARIABLE = YES;
				IPHONEOS_DEPLOYMENT_TARGET = 15.2;
				MTL_ENABLE_DEBUG_INFO = NO;
				MTL_FAST_MATH = YES;
				SDKROOT = iphoneos;
				SWIFT_COMPILATION_MODE = wholemodule;
				SWIFT_OPTIMIZATION_LEVEL = "-O";
				VALIDATE_PRODUCT = YES;
			};
			name = Release;
		};
		9C7567C527C4719F00A4B976 /* Debug */ = {
			isa = XCBuildConfiguration;
			buildSettings = {
				ASSETCATALOG_COMPILER_APPICON_NAME = AppIcon;
				ASSETCATALOG_COMPILER_GLOBAL_ACCENT_COLOR_NAME = AccentColor;
				CODE_SIGN_STYLE = Automatic;
				CURRENT_PROJECT_VERSION = 1;
				DEVELOPMENT_TEAM = 425N8F4N5Y;
				GENERATE_INFOPLIST_FILE = YES;
				INFOPLIST_FILE = GHFollowers/Info.plist;
				INFOPLIST_KEY_UIApplicationSupportsIndirectInputEvents = YES;
				INFOPLIST_KEY_UILaunchStoryboardName = LaunchScreen;
				INFOPLIST_KEY_UISupportedInterfaceOrientations = UIInterfaceOrientationPortrait;
				INFOPLIST_KEY_UISupportedInterfaceOrientations_iPad = "UIInterfaceOrientationPortrait UIInterfaceOrientationPortraitUpsideDown UIInterfaceOrientationLandscapeLeft UIInterfaceOrientationLandscapeRight";
				INFOPLIST_KEY_UISupportedInterfaceOrientations_iPhone = "UIInterfaceOrientationPortrait UIInterfaceOrientationLandscapeLeft UIInterfaceOrientationLandscapeRight";
				LD_RUNPATH_SEARCH_PATHS = (
					"$(inherited)",
					"@executable_path/Frameworks",
				);
				MARKETING_VERSION = 1.0;
				PRODUCT_BUNDLE_IDENTIFIER = com.jaslamba.GHFollowers;
				PRODUCT_NAME = "$(TARGET_NAME)";
				SWIFT_EMIT_LOC_STRINGS = YES;
				SWIFT_VERSION = 5.0;
				TARGETED_DEVICE_FAMILY = "1,2";
			};
			name = Debug;
		};
		9C7567C627C4719F00A4B976 /* Release */ = {
			isa = XCBuildConfiguration;
			buildSettings = {
				ASSETCATALOG_COMPILER_APPICON_NAME = AppIcon;
				ASSETCATALOG_COMPILER_GLOBAL_ACCENT_COLOR_NAME = AccentColor;
				CODE_SIGN_STYLE = Automatic;
				CURRENT_PROJECT_VERSION = 1;
				DEVELOPMENT_TEAM = 425N8F4N5Y;
				GENERATE_INFOPLIST_FILE = YES;
				INFOPLIST_FILE = GHFollowers/Info.plist;
				INFOPLIST_KEY_UIApplicationSupportsIndirectInputEvents = YES;
				INFOPLIST_KEY_UILaunchStoryboardName = LaunchScreen;
				INFOPLIST_KEY_UISupportedInterfaceOrientations = UIInterfaceOrientationPortrait;
				INFOPLIST_KEY_UISupportedInterfaceOrientations_iPad = "UIInterfaceOrientationPortrait UIInterfaceOrientationPortraitUpsideDown UIInterfaceOrientationLandscapeLeft UIInterfaceOrientationLandscapeRight";
				INFOPLIST_KEY_UISupportedInterfaceOrientations_iPhone = "UIInterfaceOrientationPortrait UIInterfaceOrientationLandscapeLeft UIInterfaceOrientationLandscapeRight";
				LD_RUNPATH_SEARCH_PATHS = (
					"$(inherited)",
					"@executable_path/Frameworks",
				);
				MARKETING_VERSION = 1.0;
				PRODUCT_BUNDLE_IDENTIFIER = com.jaslamba.GHFollowers;
				PRODUCT_NAME = "$(TARGET_NAME)";
				SWIFT_EMIT_LOC_STRINGS = YES;
				SWIFT_VERSION = 5.0;
				TARGETED_DEVICE_FAMILY = "1,2";
			};
			name = Release;
		};
/* End XCBuildConfiguration section */

/* Begin XCConfigurationList section */
		9C7567AB27C4719E00A4B976 /* Build configuration list for PBXProject "GHFollowers" */ = {
			isa = XCConfigurationList;
			buildConfigurations = (
				9C7567C227C4719F00A4B976 /* Debug */,
				9C7567C327C4719F00A4B976 /* Release */,
			);
			defaultConfigurationIsVisible = 0;
			defaultConfigurationName = Release;
		};
		9C7567C427C4719F00A4B976 /* Build configuration list for PBXNativeTarget "GHFollowers" */ = {
			isa = XCConfigurationList;
			buildConfigurations = (
				9C7567C527C4719F00A4B976 /* Debug */,
				9C7567C627C4719F00A4B976 /* Release */,
			);
			defaultConfigurationIsVisible = 0;
			defaultConfigurationName = Release;
		};
/* End XCConfigurationList section */
	};
	rootObject = 9C7567A827C4719E00A4B976 /* Project object */;
}
